// !$*UTF8*$!
{
	archiveVersion = 1;
	classes = {
	};
	objectVersion = 56;
	objects = {

/* Begin PBXBuildFile section */
		C828CEB92C39463F001075BB /* AppDelegate.swift in Sources */ = {isa = PBXBuildFile; fileRef = C828CEB82C39463F001075BB /* AppDelegate.swift */; };
		C828CEBB2C39463F001075BB /* SceneDelegate.swift in Sources */ = {isa = PBXBuildFile; fileRef = C828CEBA2C39463F001075BB /* SceneDelegate.swift */; };
		C828CEC52C394641001075BB /* Assets.xcassets in Resources */ = {isa = PBXBuildFile; fileRef = C828CEC42C394641001075BB /* Assets.xcassets */; };
		C828CEC82C394641001075BB /* LaunchScreen.storyboard in Resources */ = {isa = PBXBuildFile; fileRef = C828CEC62C394641001075BB /* LaunchScreen.storyboard */; };
		C828CED32C394641001075BB /* Paymob_TaskTests.swift in Sources */ = {isa = PBXBuildFile; fileRef = C828CED22C394641001075BB /* Paymob_TaskTests.swift */; };
		C828CEDD2C394641001075BB /* Paymob_TaskUITests.swift in Sources */ = {isa = PBXBuildFile; fileRef = C828CEDC2C394641001075BB /* Paymob_TaskUITests.swift */; };
		C828CEDF2C394641001075BB /* Paymob_TaskUITestsLaunchTests.swift in Sources */ = {isa = PBXBuildFile; fileRef = C828CEDE2C394641001075BB /* Paymob_TaskUITestsLaunchTests.swift */; };
		C828CEF22C3948D1001075BB /* AppCoordinator.swift in Sources */ = {isa = PBXBuildFile; fileRef = C828CEF12C3948D1001075BB /* AppCoordinator.swift */; };
		C828CEF42C39490D001075BB /* SplashCoordinator.swift in Sources */ = {isa = PBXBuildFile; fileRef = C828CEF32C39490D001075BB /* SplashCoordinator.swift */; };
		C828CEF62C394953001075BB /* MainTabBarCoordinator.swift in Sources */ = {isa = PBXBuildFile; fileRef = C828CEF52C394953001075BB /* MainTabBarCoordinator.swift */; };
		C828CEFF2C394CFA001075BB /* SplashVC.swift in Sources */ = {isa = PBXBuildFile; fileRef = C828CEFD2C394CFA001075BB /* SplashVC.swift */; };
		C828CF002C394CFA001075BB /* SplashVC.xib in Resources */ = {isa = PBXBuildFile; fileRef = C828CEFE2C394CFA001075BB /* SplashVC.xib */; };
		C828CF092C394D71001075BB /* SplashViewModel.swift in Sources */ = {isa = PBXBuildFile; fileRef = C828CF082C394D71001075BB /* SplashViewModel.swift */; };
		C828CF0D2C395613001075BB /* Colors.xcassets in Resources */ = {isa = PBXBuildFile; fileRef = C828CF0C2C395613001075BB /* Colors.xcassets */; };
		C828CF112C3959D4001075BB /* MainTabBarController.swift in Sources */ = {isa = PBXBuildFile; fileRef = C828CF102C3959D4001075BB /* MainTabBarController.swift */; };
		C828CF1D2C395D5C001075BB /* NowPlayingViewController.swift in Sources */ = {isa = PBXBuildFile; fileRef = C828CF1B2C395D5C001075BB /* NowPlayingViewController.swift */; };
		C828CF1E2C395D5C001075BB /* NowPlayingViewController.xib in Resources */ = {isa = PBXBuildFile; fileRef = C828CF1C2C395D5C001075BB /* NowPlayingViewController.xib */; };
		C828CF242C3961BF001075BB /* NowPlayingResponse.swift in Sources */ = {isa = PBXBuildFile; fileRef = C828CF232C3961BF001075BB /* NowPlayingResponse.swift */; };
		C828CF272C39626F001075BB /* ImageLoader.swift in Sources */ = {isa = PBXBuildFile; fileRef = C828CF262C39626F001075BB /* ImageLoader.swift */; };
		C828CF292C3962B1001075BB /* NowPlayingCoordinator.swift in Sources */ = {isa = PBXBuildFile; fileRef = C828CF282C3962B1001075BB /* NowPlayingCoordinator.swift */; };
		C828CF2B2C39630E001075BB /* NowPlayingViewModel.swift in Sources */ = {isa = PBXBuildFile; fileRef = C828CF2A2C39630E001075BB /* NowPlayingViewModel.swift */; };
		C828CF2E2C3964AF001075BB /* NetworkService.swift in Sources */ = {isa = PBXBuildFile; fileRef = C828CF2D2C3964AF001075BB /* NetworkService.swift */; };
		C828CF312C3964D9001075BB /* Configration.swift in Sources */ = {isa = PBXBuildFile; fileRef = C828CF302C3964D9001075BB /* Configration.swift */; };
		C828CF362C3965A7001075BB /* NetworkError.swift in Sources */ = {isa = PBXBuildFile; fileRef = C828CF352C3965A7001075BB /* NetworkError.swift */; };
		C828CF392C396639001075BB /* Constants.swift in Sources */ = {isa = PBXBuildFile; fileRef = C828CF382C396639001075BB /* Constants.swift */; };
		C828CF3E2C397020001075BB /* StorageManager.swift in Sources */ = {isa = PBXBuildFile; fileRef = C828CF3D2C397020001075BB /* StorageManager.swift */; };
		C828CF412C39707A001075BB /* Paymob_Task.xcdatamodeld in Sources */ = {isa = PBXBuildFile; fileRef = C828CF3F2C39707A001075BB /* Paymob_Task.xcdatamodeld */; };
		C828CF442C3971FA001075BB /* MovieCVCell.swift in Sources */ = {isa = PBXBuildFile; fileRef = C828CF422C3971FA001075BB /* MovieCVCell.swift */; };
		C828CF452C3971FA001075BB /* MovieCVCell.xib in Resources */ = {isa = PBXBuildFile; fileRef = C828CF432C3971FA001075BB /* MovieCVCell.xib */; };
		C828CF482C39725B001075BB /* NSObject+Extension.swift in Sources */ = {isa = PBXBuildFile; fileRef = C828CF472C39725B001075BB /* NSObject+Extension.swift */; };
		C828CF492C39802C001075BB /* Config.xcconfig in Resources */ = {isa = PBXBuildFile; fileRef = C828CF342C396558001075BB /* Config.xcconfig */; };
		C828CF4B2C39880B001075BB /* SearchCoordinator.swift in Sources */ = {isa = PBXBuildFile; fileRef = C828CF4A2C39880B001075BB /* SearchCoordinator.swift */; };
/* End PBXBuildFile section */

/* Begin PBXContainerItemProxy section */
		C828CECF2C394641001075BB /* PBXContainerItemProxy */ = {
			isa = PBXContainerItemProxy;
			containerPortal = C828CEAD2C39463F001075BB /* Project object */;
			proxyType = 1;
			remoteGlobalIDString = C828CEB42C39463F001075BB;
			remoteInfo = "Paymob-Task";
		};
		C828CED92C394641001075BB /* PBXContainerItemProxy */ = {
			isa = PBXContainerItemProxy;
			containerPortal = C828CEAD2C39463F001075BB /* Project object */;
			proxyType = 1;
			remoteGlobalIDString = C828CEB42C39463F001075BB;
			remoteInfo = "Paymob-Task";
		};
/* End PBXContainerItemProxy section */

/* Begin PBXFileReference section */
		C828CEB52C39463F001075BB /* Paymob-Task.app */ = {isa = PBXFileReference; explicitFileType = wrapper.application; includeInIndex = 0; path = "Paymob-Task.app"; sourceTree = BUILT_PRODUCTS_DIR; };
		C828CEB82C39463F001075BB /* AppDelegate.swift */ = {isa = PBXFileReference; lastKnownFileType = sourcecode.swift; path = AppDelegate.swift; sourceTree = "<group>"; };
		C828CEBA2C39463F001075BB /* SceneDelegate.swift */ = {isa = PBXFileReference; lastKnownFileType = sourcecode.swift; path = SceneDelegate.swift; sourceTree = "<group>"; };
		C828CEC42C394641001075BB /* Assets.xcassets */ = {isa = PBXFileReference; lastKnownFileType = folder.assetcatalog; path = Assets.xcassets; sourceTree = "<group>"; };
		C828CEC72C394641001075BB /* Base */ = {isa = PBXFileReference; lastKnownFileType = file.storyboard; name = Base; path = Base.lproj/LaunchScreen.storyboard; sourceTree = "<group>"; };
		C828CEC92C394641001075BB /* Info.plist */ = {isa = PBXFileReference; lastKnownFileType = text.plist.xml; path = Info.plist; sourceTree = "<group>"; };
		C828CECE2C394641001075BB /* Paymob-TaskTests.xctest */ = {isa = PBXFileReference; explicitFileType = wrapper.cfbundle; includeInIndex = 0; path = "Paymob-TaskTests.xctest"; sourceTree = BUILT_PRODUCTS_DIR; };
		C828CED22C394641001075BB /* Paymob_TaskTests.swift */ = {isa = PBXFileReference; lastKnownFileType = sourcecode.swift; path = Paymob_TaskTests.swift; sourceTree = "<group>"; };
		C828CED82C394641001075BB /* Paymob-TaskUITests.xctest */ = {isa = PBXFileReference; explicitFileType = wrapper.cfbundle; includeInIndex = 0; path = "Paymob-TaskUITests.xctest"; sourceTree = BUILT_PRODUCTS_DIR; };
		C828CEDC2C394641001075BB /* Paymob_TaskUITests.swift */ = {isa = PBXFileReference; lastKnownFileType = sourcecode.swift; path = Paymob_TaskUITests.swift; sourceTree = "<group>"; };
		C828CEDE2C394641001075BB /* Paymob_TaskUITestsLaunchTests.swift */ = {isa = PBXFileReference; lastKnownFileType = sourcecode.swift; path = Paymob_TaskUITestsLaunchTests.swift; sourceTree = "<group>"; };
		C828CEF12C3948D1001075BB /* AppCoordinator.swift */ = {isa = PBXFileReference; lastKnownFileType = sourcecode.swift; path = AppCoordinator.swift; sourceTree = "<group>"; };
		C828CEF32C39490D001075BB /* SplashCoordinator.swift */ = {isa = PBXFileReference; lastKnownFileType = sourcecode.swift; path = SplashCoordinator.swift; sourceTree = "<group>"; };
		C828CEF52C394953001075BB /* MainTabBarCoordinator.swift */ = {isa = PBXFileReference; lastKnownFileType = sourcecode.swift; path = MainTabBarCoordinator.swift; sourceTree = "<group>"; };
		C828CEFD2C394CFA001075BB /* SplashVC.swift */ = {isa = PBXFileReference; fileEncoding = 4; lastKnownFileType = sourcecode.swift; path = SplashVC.swift; sourceTree = "<group>"; };
		C828CEFE2C394CFA001075BB /* SplashVC.xib */ = {isa = PBXFileReference; fileEncoding = 4; lastKnownFileType = file.xib; path = SplashVC.xib; sourceTree = "<group>"; };
		C828CF082C394D71001075BB /* SplashViewModel.swift */ = {isa = PBXFileReference; lastKnownFileType = sourcecode.swift; path = SplashViewModel.swift; sourceTree = "<group>"; };
		C828CF0C2C395613001075BB /* Colors.xcassets */ = {isa = PBXFileReference; lastKnownFileType = folder.assetcatalog; path = Colors.xcassets; sourceTree = "<group>"; };
		C828CF102C3959D4001075BB /* MainTabBarController.swift */ = {isa = PBXFileReference; fileEncoding = 4; lastKnownFileType = sourcecode.swift; path = MainTabBarController.swift; sourceTree = "<group>"; };
		C828CF1B2C395D5C001075BB /* NowPlayingViewController.swift */ = {isa = PBXFileReference; lastKnownFileType = sourcecode.swift; path = NowPlayingViewController.swift; sourceTree = "<group>"; };
		C828CF1C2C395D5C001075BB /* NowPlayingViewController.xib */ = {isa = PBXFileReference; lastKnownFileType = file.xib; path = NowPlayingViewController.xib; sourceTree = "<group>"; };
		C828CF232C3961BF001075BB /* NowPlayingResponse.swift */ = {isa = PBXFileReference; lastKnownFileType = sourcecode.swift; path = NowPlayingResponse.swift; sourceTree = "<group>"; };
		C828CF262C39626F001075BB /* ImageLoader.swift */ = {isa = PBXFileReference; lastKnownFileType = sourcecode.swift; path = ImageLoader.swift; sourceTree = "<group>"; };
		C828CF282C3962B1001075BB /* NowPlayingCoordinator.swift */ = {isa = PBXFileReference; lastKnownFileType = sourcecode.swift; path = NowPlayingCoordinator.swift; sourceTree = "<group>"; };
		C828CF2A2C39630E001075BB /* NowPlayingViewModel.swift */ = {isa = PBXFileReference; lastKnownFileType = sourcecode.swift; path = NowPlayingViewModel.swift; sourceTree = "<group>"; };
		C828CF2D2C3964AF001075BB /* NetworkService.swift */ = {isa = PBXFileReference; lastKnownFileType = sourcecode.swift; path = NetworkService.swift; sourceTree = "<group>"; };
		C828CF302C3964D9001075BB /* Configration.swift */ = {isa = PBXFileReference; lastKnownFileType = sourcecode.swift; path = Configration.swift; sourceTree = "<group>"; };
		C828CF342C396558001075BB /* Config.xcconfig */ = {isa = PBXFileReference; lastKnownFileType = text.xcconfig; path = Config.xcconfig; sourceTree = "<group>"; };
		C828CF352C3965A7001075BB /* NetworkError.swift */ = {isa = PBXFileReference; lastKnownFileType = sourcecode.swift; path = NetworkError.swift; sourceTree = "<group>"; };
		C828CF382C396639001075BB /* Constants.swift */ = {isa = PBXFileReference; lastKnownFileType = sourcecode.swift; path = Constants.swift; sourceTree = "<group>"; };
		C828CF3D2C397020001075BB /* StorageManager.swift */ = {isa = PBXFileReference; lastKnownFileType = sourcecode.swift; path = StorageManager.swift; sourceTree = "<group>"; };
		C828CF402C39707A001075BB /* Movies.xcdatamodel */ = {isa = PBXFileReference; lastKnownFileType = wrapper.xcdatamodel; path = Movies.xcdatamodel; sourceTree = "<group>"; };
		C828CF422C3971FA001075BB /* MovieCVCell.swift */ = {isa = PBXFileReference; fileEncoding = 4; lastKnownFileType = sourcecode.swift; path = MovieCVCell.swift; sourceTree = "<group>"; };
		C828CF432C3971FA001075BB /* MovieCVCell.xib */ = {isa = PBXFileReference; fileEncoding = 4; lastKnownFileType = file.xib; path = MovieCVCell.xib; sourceTree = "<group>"; };
		C828CF472C39725B001075BB /* NSObject+Extension.swift */ = {isa = PBXFileReference; fileEncoding = 4; lastKnownFileType = sourcecode.swift; path = "NSObject+Extension.swift"; sourceTree = "<group>"; };
		C828CF4A2C39880B001075BB /* SearchCoordinator.swift */ = {isa = PBXFileReference; lastKnownFileType = sourcecode.swift; path = SearchCoordinator.swift; sourceTree = "<group>"; };
/* End PBXFileReference section */

/* Begin PBXFrameworksBuildPhase section */
		C828CEB22C39463F001075BB /* Frameworks */ = {
			isa = PBXFrameworksBuildPhase;
			buildActionMask = 2147483647;
			files = (
			);
			runOnlyForDeploymentPostprocessing = 0;
		};
		C828CECB2C394641001075BB /* Frameworks */ = {
			isa = PBXFrameworksBuildPhase;
			buildActionMask = 2147483647;
			files = (
			);
			runOnlyForDeploymentPostprocessing = 0;
		};
		C828CED52C394641001075BB /* Frameworks */ = {
			isa = PBXFrameworksBuildPhase;
			buildActionMask = 2147483647;
			files = (
			);
			runOnlyForDeploymentPostprocessing = 0;
		};
/* End PBXFrameworksBuildPhase section */

/* Begin PBXGroup section */
		C828CEAC2C39463F001075BB = {
			isa = PBXGroup;
			children = (
				C828CEB72C39463F001075BB /* Paymob-Task */,
				C828CED12C394641001075BB /* Paymob-TaskTests */,
				C828CEDB2C394641001075BB /* Paymob-TaskUITests */,
				C828CEB62C39463F001075BB /* Products */,
			);
			sourceTree = "<group>";
		};
		C828CEB62C39463F001075BB /* Products */ = {
			isa = PBXGroup;
			children = (
				C828CEB52C39463F001075BB /* Paymob-Task.app */,
				C828CECE2C394641001075BB /* Paymob-TaskTests.xctest */,
				C828CED82C394641001075BB /* Paymob-TaskUITests.xctest */,
			);
			name = Products;
			sourceTree = "<group>";
		};
		C828CEB72C39463F001075BB /* Paymob-Task */ = {
			isa = PBXGroup;
			children = (
				C828CEEC2C394749001075BB /* App */,
				C828CEEE2C3948A4001075BB /* Services */,
				C828CEEF2C3948B3001075BB /* Resources */,
				C828CEED2C394892001075BB /* Helpers */,
				C828CEF02C3948C2001075BB /* Coordinators */,
				C828CEF72C394A76001075BB /* Scene */,
			);
			path = "Paymob-Task";
			sourceTree = "<group>";
		};
		C828CED12C394641001075BB /* Paymob-TaskTests */ = {
			isa = PBXGroup;
			children = (
				C828CED22C394641001075BB /* Paymob_TaskTests.swift */,
			);
			path = "Paymob-TaskTests";
			sourceTree = "<group>";
		};
		C828CEDB2C394641001075BB /* Paymob-TaskUITests */ = {
			isa = PBXGroup;
			children = (
				C828CEDC2C394641001075BB /* Paymob_TaskUITests.swift */,
				C828CEDE2C394641001075BB /* Paymob_TaskUITestsLaunchTests.swift */,
			);
			path = "Paymob-TaskUITests";
			sourceTree = "<group>";
		};
		C828CEEC2C394749001075BB /* App */ = {
			isa = PBXGroup;
			children = (
				C828CEB82C39463F001075BB /* AppDelegate.swift */,
				C828CEBA2C39463F001075BB /* SceneDelegate.swift */,
			);
			path = App;
			sourceTree = "<group>";
		};
		C828CEED2C394892001075BB /* Helpers */ = {
			isa = PBXGroup;
			children = (
				C828CF462C39724B001075BB /* Extensions */,
				C828CF372C39662F001075BB /* Constants */,
				C828CF252C39625F001075BB /* Classes */,
			);
			path = Helpers;
			sourceTree = "<group>";
		};
		C828CEEE2C3948A4001075BB /* Services */ = {
			isa = PBXGroup;
			children = (
				C828CF3C2C39700E001075BB /* Repository */,
				C828CF2F2C3964C4001075BB /* Configuration */,
				C828CF2C2C39636F001075BB /* NetworkService */,
			);
			path = Services;
			sourceTree = "<group>";
		};
		C828CEEF2C3948B3001075BB /* Resources */ = {
			isa = PBXGroup;
			children = (
				C828CEC42C394641001075BB /* Assets.xcassets */,
				C828CF0C2C395613001075BB /* Colors.xcassets */,
				C828CEC62C394641001075BB /* LaunchScreen.storyboard */,
				C828CEC92C394641001075BB /* Info.plist */,
				C828CF342C396558001075BB /* Config.xcconfig */,
				C828CF3F2C39707A001075BB /* Paymob_Task.xcdatamodeld */,
			);
			path = Resources;
			sourceTree = "<group>";
		};
		C828CEF02C3948C2001075BB /* Coordinators */ = {
			isa = PBXGroup;
			children = (
				C828CEF32C39490D001075BB /* SplashCoordinator.swift */,
				C828CEF12C3948D1001075BB /* AppCoordinator.swift */,
				C828CEF52C394953001075BB /* MainTabBarCoordinator.swift */,
				C828CF282C3962B1001075BB /* NowPlayingCoordinator.swift */,
				C828CF4A2C39880B001075BB /* SearchCoordinator.swift */,
			);
			path = Coordinators;
			sourceTree = "<group>";
		};
		C828CEF72C394A76001075BB /* Scene */ = {
			isa = PBXGroup;
			children = (
				C828CEF82C394C37001075BB /* WelcomeScene */,
				C828CF0E2C3959A8001075BB /* MainScene */,
			);
			path = Scene;
			sourceTree = "<group>";
		};
		C828CEF82C394C37001075BB /* WelcomeScene */ = {
			isa = PBXGroup;
			children = (
				C828CEFB2C394C96001075BB /* Model */,
				C828CEFA2C394C94001075BB /* View */,
				C828CEF92C394C90001075BB /* ViewModel */,
			);
			path = WelcomeScene;
			sourceTree = "<group>";
		};
		C828CEF92C394C90001075BB /* ViewModel */ = {
			isa = PBXGroup;
			children = (
				C828CF082C394D71001075BB /* SplashViewModel.swift */,
			);
			path = ViewModel;
			sourceTree = "<group>";
		};
		C828CEFA2C394C94001075BB /* View */ = {
			isa = PBXGroup;
			children = (
				C828CEFC2C394CDF001075BB /* ViewController */,
			);
			path = View;
			sourceTree = "<group>";
		};
		C828CEFB2C394C96001075BB /* Model */ = {
			isa = PBXGroup;
			children = (
			);
			path = Model;
			sourceTree = "<group>";
		};
		C828CEFC2C394CDF001075BB /* ViewController */ = {
			isa = PBXGroup;
			children = (
				C828CEFD2C394CFA001075BB /* SplashVC.swift */,
				C828CEFE2C394CFA001075BB /* SplashVC.xib */,
			);
			path = ViewController;
			sourceTree = "<group>";
		};
		C828CF0E2C3959A8001075BB /* MainScene */ = {
			isa = PBXGroup;
			children = (
				C828CF0F2C3959CC001075BB /* TabBar */,
				C828CF122C395A55001075BB /* Now Playing */,
			);
			path = MainScene;
			sourceTree = "<group>";
		};
		C828CF0F2C3959CC001075BB /* TabBar */ = {
			isa = PBXGroup;
			children = (
				C828CF162C395C59001075BB /* Controller */,
			);
			path = TabBar;
			sourceTree = "<group>";
		};
		C828CF122C395A55001075BB /* Now Playing */ = {
			isa = PBXGroup;
			children = (
				C828CF152C395A75001075BB /* Model */,
				C828CF142C395A73001075BB /* View */,
				C828CF132C395A70001075BB /* viewModel */,
			);
			path = "Now Playing";
			sourceTree = "<group>";
		};
		C828CF132C395A70001075BB /* viewModel */ = {
			isa = PBXGroup;
			children = (
				C828CF2A2C39630E001075BB /* NowPlayingViewModel.swift */,
			);
			path = viewModel;
			sourceTree = "<group>";
		};
		C828CF142C395A73001075BB /* View */ = {
			isa = PBXGroup;
			children = (
				C828CF182C395D1F001075BB /* Cells */,
				C828CF172C395D13001075BB /* Controller */,
			);
			path = View;
			sourceTree = "<group>";
		};
		C828CF152C395A75001075BB /* Model */ = {
			isa = PBXGroup;
			children = (
				C828CF232C3961BF001075BB /* NowPlayingResponse.swift */,
			);
			path = Model;
			sourceTree = "<group>";
		};
		C828CF162C395C59001075BB /* Controller */ = {
			isa = PBXGroup;
			children = (
				C828CF102C3959D4001075BB /* MainTabBarController.swift */,
			);
			path = Controller;
			sourceTree = "<group>";
		};
		C828CF172C395D13001075BB /* Controller */ = {
			isa = PBXGroup;
			children = (
				C828CF1B2C395D5C001075BB /* NowPlayingViewController.swift */,
				C828CF1C2C395D5C001075BB /* NowPlayingViewController.xib */,
			);
			path = Controller;
			sourceTree = "<group>";
		};
		C828CF182C395D1F001075BB /* Cells */ = {
			isa = PBXGroup;
			children = (
				C828CF422C3971FA001075BB /* MovieCVCell.swift */,
				C828CF432C3971FA001075BB /* MovieCVCell.xib */,
			);
			path = Cells;
			sourceTree = "<group>";
		};
		C828CF252C39625F001075BB /* Classes */ = {
			isa = PBXGroup;
			children = (
				C828CF262C39626F001075BB /* ImageLoader.swift */,
			);
			path = Classes;
			sourceTree = "<group>";
		};
		C828CF2C2C39636F001075BB /* NetworkService */ = {
			isa = PBXGroup;
			children = (
				C828CF2D2C3964AF001075BB /* NetworkService.swift */,
				C828CF352C3965A7001075BB /* NetworkError.swift */,
			);
			path = NetworkService;
			sourceTree = "<group>";
		};
		C828CF2F2C3964C4001075BB /* Configuration */ = {
			isa = PBXGroup;
			children = (
				C828CF302C3964D9001075BB /* Configration.swift */,
			);
			path = Configuration;
			sourceTree = "<group>";
		};
		C828CF372C39662F001075BB /* Constants */ = {
			isa = PBXGroup;
			children = (
				C828CF382C396639001075BB /* Constants.swift */,
			);
			path = Constants;
			sourceTree = "<group>";
		};
		C828CF3C2C39700E001075BB /* Repository */ = {
			isa = PBXGroup;
			children = (
				C828CF3D2C397020001075BB /* StorageManager.swift */,
			);
			path = Repository;
			sourceTree = "<group>";
		};
		C828CF462C39724B001075BB /* Extensions */ = {
			isa = PBXGroup;
			children = (
				C828CF472C39725B001075BB /* NSObject+Extension.swift */,
			);
			path = Extensions;
			sourceTree = "<group>";
		};
/* End PBXGroup section */

/* Begin PBXNativeTarget section */
		C828CEB42C39463F001075BB /* Paymob-Task */ = {
			isa = PBXNativeTarget;
			buildConfigurationList = C828CEE22C394641001075BB /* Build configuration list for PBXNativeTarget "Paymob-Task" */;
			buildPhases = (
				C828CEB12C39463F001075BB /* Sources */,
				C828CEB22C39463F001075BB /* Frameworks */,
				C828CEB32C39463F001075BB /* Resources */,
			);
			buildRules = (
			);
			dependencies = (
			);
			name = "Paymob-Task";
			packageProductDependencies = (
			);
			productName = "Paymob-Task";
			productReference = C828CEB52C39463F001075BB /* Paymob-Task.app */;
			productType = "com.apple.product-type.application";
		};
		C828CECD2C394641001075BB /* Paymob-TaskTests */ = {
			isa = PBXNativeTarget;
			buildConfigurationList = C828CEE52C394641001075BB /* Build configuration list for PBXNativeTarget "Paymob-TaskTests" */;
			buildPhases = (
				C828CECA2C394641001075BB /* Sources */,
				C828CECB2C394641001075BB /* Frameworks */,
				C828CECC2C394641001075BB /* Resources */,
			);
			buildRules = (
			);
			dependencies = (
				C828CED02C394641001075BB /* PBXTargetDependency */,
			);
			name = "Paymob-TaskTests";
			productName = "Paymob-TaskTests";
			productReference = C828CECE2C394641001075BB /* Paymob-TaskTests.xctest */;
			productType = "com.apple.product-type.bundle.unit-test";
		};
		C828CED72C394641001075BB /* Paymob-TaskUITests */ = {
			isa = PBXNativeTarget;
			buildConfigurationList = C828CEE82C394641001075BB /* Build configuration list for PBXNativeTarget "Paymob-TaskUITests" */;
			buildPhases = (
				C828CED42C394641001075BB /* Sources */,
				C828CED52C394641001075BB /* Frameworks */,
				C828CED62C394641001075BB /* Resources */,
			);
			buildRules = (
			);
			dependencies = (
				C828CEDA2C394641001075BB /* PBXTargetDependency */,
			);
			name = "Paymob-TaskUITests";
			productName = "Paymob-TaskUITests";
			productReference = C828CED82C394641001075BB /* Paymob-TaskUITests.xctest */;
			productType = "com.apple.product-type.bundle.ui-testing";
		};
/* End PBXNativeTarget section */

/* Begin PBXProject section */
		C828CEAD2C39463F001075BB /* Project object */ = {
			isa = PBXProject;
			attributes = {
				BuildIndependentTargetsInParallel = 1;
				LastSwiftUpdateCheck = 1510;
				LastUpgradeCheck = 1510;
				TargetAttributes = {
					C828CEB42C39463F001075BB = {
						CreatedOnToolsVersion = 15.1;
					};
					C828CECD2C394641001075BB = {
						CreatedOnToolsVersion = 15.1;
						TestTargetID = C828CEB42C39463F001075BB;
					};
					C828CED72C394641001075BB = {
						CreatedOnToolsVersion = 15.1;
						TestTargetID = C828CEB42C39463F001075BB;
					};
				};
			};
			buildConfigurationList = C828CEB02C39463F001075BB /* Build configuration list for PBXProject "Paymob-Task" */;
			compatibilityVersion = "Xcode 14.0";
			developmentRegion = en;
			hasScannedForEncodings = 0;
			knownRegions = (
				en,
				Base,
			);
			mainGroup = C828CEAC2C39463F001075BB;
			packageReferences = (
				C828CF012C394D57001075BB /* XCRemoteSwiftPackageReference "RxSwift" */,
			);
			productRefGroup = C828CEB62C39463F001075BB /* Products */;
			projectDirPath = "";
			projectRoot = "";
			targets = (
				C828CEB42C39463F001075BB /* Paymob-Task */,
				C828CECD2C394641001075BB /* Paymob-TaskTests */,
				C828CED72C394641001075BB /* Paymob-TaskUITests */,
			);
		};
/* End PBXProject section */

/* Begin PBXResourcesBuildPhase section */
		C828CEB32C39463F001075BB /* Resources */ = {
			isa = PBXResourcesBuildPhase;
			buildActionMask = 2147483647;
			files = (
				C828CF002C394CFA001075BB /* SplashVC.xib in Resources */,
				C828CF452C3971FA001075BB /* MovieCVCell.xib in Resources */,
				C828CF0D2C395613001075BB /* Colors.xcassets in Resources */,
				C828CF1E2C395D5C001075BB /* NowPlayingViewController.xib in Resources */,
				C828CEC82C394641001075BB /* LaunchScreen.storyboard in Resources */,
				C828CF492C39802C001075BB /* Config.xcconfig in Resources */,
				C828CEC52C394641001075BB /* Assets.xcassets in Resources */,
			);
			runOnlyForDeploymentPostprocessing = 0;
		};
		C828CECC2C394641001075BB /* Resources */ = {
			isa = PBXResourcesBuildPhase;
			buildActionMask = 2147483647;
			files = (
			);
			runOnlyForDeploymentPostprocessing = 0;
		};
		C828CED62C394641001075BB /* Resources */ = {
			isa = PBXResourcesBuildPhase;
			buildActionMask = 2147483647;
			files = (
			);
			runOnlyForDeploymentPostprocessing = 0;
		};
/* End PBXResourcesBuildPhase section */

/* Begin PBXSourcesBuildPhase section */
		C828CEB12C39463F001075BB /* Sources */ = {
			isa = PBXSourcesBuildPhase;
			buildActionMask = 2147483647;
			files = (
				C828CF2B2C39630E001075BB /* NowPlayingViewModel.swift in Sources */,
				C828CF392C396639001075BB /* Constants.swift in Sources */,
				C828CF4B2C39880B001075BB /* SearchCoordinator.swift in Sources */,
				C828CEF22C3948D1001075BB /* AppCoordinator.swift in Sources */,
				C828CF482C39725B001075BB /* NSObject+Extension.swift in Sources */,
				C828CF3E2C397020001075BB /* StorageManager.swift in Sources */,
				C828CEB92C39463F001075BB /* AppDelegate.swift in Sources */,
				C828CF242C3961BF001075BB /* NowPlayingResponse.swift in Sources */,
				C828CF112C3959D4001075BB /* MainTabBarController.swift in Sources */,
				C828CF412C39707A001075BB /* Paymob_Task.xcdatamodeld in Sources */,
				C828CEF42C39490D001075BB /* SplashCoordinator.swift in Sources */,
				C828CEBB2C39463F001075BB /* SceneDelegate.swift in Sources */,
				C828CF092C394D71001075BB /* SplashViewModel.swift in Sources */,
				C828CF2E2C3964AF001075BB /* NetworkService.swift in Sources */,
				C828CF312C3964D9001075BB /* Configration.swift in Sources */,
				C828CF292C3962B1001075BB /* NowPlayingCoordinator.swift in Sources */,
				C828CF1D2C395D5C001075BB /* NowPlayingViewController.swift in Sources */,
				C828CEF62C394953001075BB /* MainTabBarCoordinator.swift in Sources */,
				C828CF362C3965A7001075BB /* NetworkError.swift in Sources */,
				C828CF442C3971FA001075BB /* MovieCVCell.swift in Sources */,
				C828CEFF2C394CFA001075BB /* SplashVC.swift in Sources */,
				C828CF272C39626F001075BB /* ImageLoader.swift in Sources */,
			);
			runOnlyForDeploymentPostprocessing = 0;
		};
		C828CECA2C394641001075BB /* Sources */ = {
			isa = PBXSourcesBuildPhase;
			buildActionMask = 2147483647;
			files = (
				C828CED32C394641001075BB /* Paymob_TaskTests.swift in Sources */,
			);
			runOnlyForDeploymentPostprocessing = 0;
		};
		C828CED42C394641001075BB /* Sources */ = {
			isa = PBXSourcesBuildPhase;
			buildActionMask = 2147483647;
			files = (
				C828CEDD2C394641001075BB /* Paymob_TaskUITests.swift in Sources */,
				C828CEDF2C394641001075BB /* Paymob_TaskUITestsLaunchTests.swift in Sources */,
			);
			runOnlyForDeploymentPostprocessing = 0;
		};
/* End PBXSourcesBuildPhase section */

/* Begin PBXTargetDependency section */
		C828CED02C394641001075BB /* PBXTargetDependency */ = {
			isa = PBXTargetDependency;
			target = C828CEB42C39463F001075BB /* Paymob-Task */;
			targetProxy = C828CECF2C394641001075BB /* PBXContainerItemProxy */;
		};
		C828CEDA2C394641001075BB /* PBXTargetDependency */ = {
			isa = PBXTargetDependency;
			target = C828CEB42C39463F001075BB /* Paymob-Task */;
			targetProxy = C828CED92C394641001075BB /* PBXContainerItemProxy */;
		};
/* End PBXTargetDependency section */

/* Begin PBXVariantGroup section */
		C828CEC62C394641001075BB /* LaunchScreen.storyboard */ = {
			isa = PBXVariantGroup;
			children = (
				C828CEC72C394641001075BB /* Base */,
			);
			name = LaunchScreen.storyboard;
			sourceTree = "<group>";
		};
/* End PBXVariantGroup section */

/* Begin XCBuildConfiguration section */
		C828CEE02C394641001075BB /* Debug */ = {
			isa = XCBuildConfiguration;
			buildSettings = {
				ALWAYS_SEARCH_USER_PATHS = NO;
				ASSETCATALOG_COMPILER_GENERATE_SWIFT_ASSET_SYMBOL_EXTENSIONS = YES;
				CLANG_ANALYZER_NONNULL = YES;
				CLANG_ANALYZER_NUMBER_OBJECT_CONVERSION = YES_AGGRESSIVE;
				CLANG_CXX_LANGUAGE_STANDARD = "gnu++20";
				CLANG_ENABLE_MODULES = YES;
				CLANG_ENABLE_OBJC_ARC = YES;
				CLANG_ENABLE_OBJC_WEAK = YES;
				CLANG_WARN_BLOCK_CAPTURE_AUTORELEASING = YES;
				CLANG_WARN_BOOL_CONVERSION = YES;
				CLANG_WARN_COMMA = YES;
				CLANG_WARN_CONSTANT_CONVERSION = YES;
				CLANG_WARN_DEPRECATED_OBJC_IMPLEMENTATIONS = YES;
				CLANG_WARN_DIRECT_OBJC_ISA_USAGE = YES_ERROR;
				CLANG_WARN_DOCUMENTATION_COMMENTS = YES;
				CLANG_WARN_EMPTY_BODY = YES;
				CLANG_WARN_ENUM_CONVERSION = YES;
				CLANG_WARN_INFINITE_RECURSION = YES;
				CLANG_WARN_INT_CONVERSION = YES;
				CLANG_WARN_NON_LITERAL_NULL_CONVERSION = YES;
				CLANG_WARN_OBJC_IMPLICIT_RETAIN_SELF = YES;
				CLANG_WARN_OBJC_LITERAL_CONVERSION = YES;
				CLANG_WARN_OBJC_ROOT_CLASS = YES_ERROR;
				CLANG_WARN_QUOTED_INCLUDE_IN_FRAMEWORK_HEADER = YES;
				CLANG_WARN_RANGE_LOOP_ANALYSIS = YES;
				CLANG_WARN_STRICT_PROTOTYPES = YES;
				CLANG_WARN_SUSPICIOUS_MOVE = YES;
				CLANG_WARN_UNGUARDED_AVAILABILITY = YES_AGGRESSIVE;
				CLANG_WARN_UNREACHABLE_CODE = YES;
				CLANG_WARN__DUPLICATE_METHOD_MATCH = YES;
				COPY_PHASE_STRIP = NO;
				DEBUG_INFORMATION_FORMAT = dwarf;
				ENABLE_STRICT_OBJC_MSGSEND = YES;
				ENABLE_TESTABILITY = YES;
				ENABLE_USER_SCRIPT_SANDBOXING = YES;
				GCC_C_LANGUAGE_STANDARD = gnu17;
				GCC_DYNAMIC_NO_PIC = NO;
				GCC_NO_COMMON_BLOCKS = YES;
				GCC_OPTIMIZATION_LEVEL = 0;
				GCC_PREPROCESSOR_DEFINITIONS = (
					"DEBUG=1",
					"$(inherited)",
				);
				GCC_WARN_64_TO_32_BIT_CONVERSION = YES;
				GCC_WARN_ABOUT_RETURN_TYPE = YES_ERROR;
				GCC_WARN_UNDECLARED_SELECTOR = YES;
				GCC_WARN_UNINITIALIZED_AUTOS = YES_AGGRESSIVE;
				GCC_WARN_UNUSED_FUNCTION = YES;
				GCC_WARN_UNUSED_VARIABLE = YES;
				IPHONEOS_DEPLOYMENT_TARGET = 17.2;
				LOCALIZATION_PREFERS_STRING_CATALOGS = YES;
				MTL_ENABLE_DEBUG_INFO = INCLUDE_SOURCE;
				MTL_FAST_MATH = YES;
				ONLY_ACTIVE_ARCH = YES;
				SDKROOT = iphoneos;
				SWIFT_ACTIVE_COMPILATION_CONDITIONS = "DEBUG $(inherited)";
				SWIFT_OPTIMIZATION_LEVEL = "-Onone";
			};
			name = Debug;
		};
		C828CEE12C394641001075BB /* Release */ = {
			isa = XCBuildConfiguration;
			buildSettings = {
				ALWAYS_SEARCH_USER_PATHS = NO;
				ASSETCATALOG_COMPILER_GENERATE_SWIFT_ASSET_SYMBOL_EXTENSIONS = YES;
				CLANG_ANALYZER_NONNULL = YES;
				CLANG_ANALYZER_NUMBER_OBJECT_CONVERSION = YES_AGGRESSIVE;
				CLANG_CXX_LANGUAGE_STANDARD = "gnu++20";
				CLANG_ENABLE_MODULES = YES;
				CLANG_ENABLE_OBJC_ARC = YES;
				CLANG_ENABLE_OBJC_WEAK = YES;
				CLANG_WARN_BLOCK_CAPTURE_AUTORELEASING = YES;
				CLANG_WARN_BOOL_CONVERSION = YES;
				CLANG_WARN_COMMA = YES;
				CLANG_WARN_CONSTANT_CONVERSION = YES;
				CLANG_WARN_DEPRECATED_OBJC_IMPLEMENTATIONS = YES;
				CLANG_WARN_DIRECT_OBJC_ISA_USAGE = YES_ERROR;
				CLANG_WARN_DOCUMENTATION_COMMENTS = YES;
				CLANG_WARN_EMPTY_BODY = YES;
				CLANG_WARN_ENUM_CONVERSION = YES;
				CLANG_WARN_INFINITE_RECURSION = YES;
				CLANG_WARN_INT_CONVERSION = YES;
				CLANG_WARN_NON_LITERAL_NULL_CONVERSION = YES;
				CLANG_WARN_OBJC_IMPLICIT_RETAIN_SELF = YES;
				CLANG_WARN_OBJC_LITERAL_CONVERSION = YES;
				CLANG_WARN_OBJC_ROOT_CLASS = YES_ERROR;
				CLANG_WARN_QUOTED_INCLUDE_IN_FRAMEWORK_HEADER = YES;
				CLANG_WARN_RANGE_LOOP_ANALYSIS = YES;
				CLANG_WARN_STRICT_PROTOTYPES = YES;
				CLANG_WARN_SUSPICIOUS_MOVE = YES;
				CLANG_WARN_UNGUARDED_AVAILABILITY = YES_AGGRESSIVE;
				CLANG_WARN_UNREACHABLE_CODE = YES;
				CLANG_WARN__DUPLICATE_METHOD_MATCH = YES;
				COPY_PHASE_STRIP = NO;
				DEBUG_INFORMATION_FORMAT = "dwarf-with-dsym";
				ENABLE_NS_ASSERTIONS = NO;
				ENABLE_STRICT_OBJC_MSGSEND = YES;
				ENABLE_USER_SCRIPT_SANDBOXING = YES;
				GCC_C_LANGUAGE_STANDARD = gnu17;
				GCC_NO_COMMON_BLOCKS = YES;
				GCC_WARN_64_TO_32_BIT_CONVERSION = YES;
				GCC_WARN_ABOUT_RETURN_TYPE = YES_ERROR;
				GCC_WARN_UNDECLARED_SELECTOR = YES;
				GCC_WARN_UNINITIALIZED_AUTOS = YES_AGGRESSIVE;
				GCC_WARN_UNUSED_FUNCTION = YES;
				GCC_WARN_UNUSED_VARIABLE = YES;
				IPHONEOS_DEPLOYMENT_TARGET = 17.2;
				LOCALIZATION_PREFERS_STRING_CATALOGS = YES;
				MTL_ENABLE_DEBUG_INFO = NO;
				MTL_FAST_MATH = YES;
				SDKROOT = iphoneos;
				SWIFT_COMPILATION_MODE = wholemodule;
				VALIDATE_PRODUCT = YES;
			};
			name = Release;
		};
		C828CEE32C394641001075BB /* Debug */ = {
			isa = XCBuildConfiguration;
			buildSettings = {
				ASSETCATALOG_COMPILER_APPICON_NAME = AppIcon;
				ASSETCATALOG_COMPILER_GLOBAL_ACCENT_COLOR_NAME = AccentColor;
				CODE_SIGN_STYLE = Automatic;
				CURRENT_PROJECT_VERSION = 1;
				GENERATE_INFOPLIST_FILE = YES;
				INFOPLIST_FILE = "Paymob-Task/Resources/Info.plist";
				INFOPLIST_KEY_CFBundleDisplayName = "Paymob-Task";
				INFOPLIST_KEY_LSApplicationCategoryType = "public.app-category.entertainment";
				INFOPLIST_KEY_UIApplicationSupportsIndirectInputEvents = YES;
				INFOPLIST_KEY_UILaunchStoryboardName = LaunchScreen;
				INFOPLIST_KEY_UISupportedInterfaceOrientations_iPad = "UIInterfaceOrientationPortrait UIInterfaceOrientationPortraitUpsideDown UIInterfaceOrientationLandscapeLeft UIInterfaceOrientationLandscapeRight";
				INFOPLIST_KEY_UISupportedInterfaceOrientations_iPhone = "UIInterfaceOrientationPortrait UIInterfaceOrientationLandscapeLeft UIInterfaceOrientationLandscapeRight";
				LD_RUNPATH_SEARCH_PATHS = (
					"$(inherited)",
					"@executable_path/Frameworks",
				);
				MARKETING_VERSION = 1.0;
				PRODUCT_BUNDLE_IDENTIFIER = "paymob.Paymob-Task";
				PRODUCT_NAME = "$(TARGET_NAME)";
				SWIFT_EMIT_LOC_STRINGS = YES;
				SWIFT_VERSION = 5.0;
				TARGETED_DEVICE_FAMILY = "1,2";
			};
			name = Debug;
		};
		C828CEE42C394641001075BB /* Release */ = {
			isa = XCBuildConfiguration;
			buildSettings = {
				ASSETCATALOG_COMPILER_APPICON_NAME = AppIcon;
				ASSETCATALOG_COMPILER_GLOBAL_ACCENT_COLOR_NAME = AccentColor;
				CODE_SIGN_STYLE = Automatic;
				CURRENT_PROJECT_VERSION = 1;
				GENERATE_INFOPLIST_FILE = YES;
				INFOPLIST_FILE = "Paymob-Task/Resources/Info.plist";
				INFOPLIST_KEY_CFBundleDisplayName = "Paymob-Task";
				INFOPLIST_KEY_LSApplicationCategoryType = "public.app-category.entertainment";
				INFOPLIST_KEY_UIApplicationSupportsIndirectInputEvents = YES;
				INFOPLIST_KEY_UILaunchStoryboardName = LaunchScreen;
				INFOPLIST_KEY_UISupportedInterfaceOrientations_iPad = "UIInterfaceOrientationPortrait UIInterfaceOrientationPortraitUpsideDown UIInterfaceOrientationLandscapeLeft UIInterfaceOrientationLandscapeRight";
				INFOPLIST_KEY_UISupportedInterfaceOrientations_iPhone = "UIInterfaceOrientationPortrait UIInterfaceOrientationLandscapeLeft UIInterfaceOrientationLandscapeRight";
				LD_RUNPATH_SEARCH_PATHS = (
					"$(inherited)",
					"@executable_path/Frameworks",
				);
				MARKETING_VERSION = 1.0;
				PRODUCT_BUNDLE_IDENTIFIER = "paymob.Paymob-Task";
				PRODUCT_NAME = "$(TARGET_NAME)";
				SWIFT_EMIT_LOC_STRINGS = YES;
				SWIFT_VERSION = 5.0;
				TARGETED_DEVICE_FAMILY = "1,2";
			};
			name = Release;
		};
		C828CEE62C394641001075BB /* Debug */ = {
			isa = XCBuildConfiguration;
			buildSettings = {
				ALWAYS_EMBED_SWIFT_STANDARD_LIBRARIES = YES;
				BUNDLE_LOADER = "$(TEST_HOST)";
				CODE_SIGN_STYLE = Automatic;
				CURRENT_PROJECT_VERSION = 1;
				GENERATE_INFOPLIST_FILE = YES;
				IPHONEOS_DEPLOYMENT_TARGET = 17.2;
				MARKETING_VERSION = 1.0;
				PRODUCT_BUNDLE_IDENTIFIER = "paymob.Paymob-TaskTests";
				PRODUCT_NAME = "$(TARGET_NAME)";
				SWIFT_EMIT_LOC_STRINGS = NO;
				SWIFT_VERSION = 5.0;
				TARGETED_DEVICE_FAMILY = "1,2";
				TEST_HOST = "$(BUILT_PRODUCTS_DIR)/Paymob-Task.app/$(BUNDLE_EXECUTABLE_FOLDER_PATH)/Paymob-Task";
			};
			name = Debug;
		};
		C828CEE72C394641001075BB /* Release */ = {
			isa = XCBuildConfiguration;
			buildSettings = {
				ALWAYS_EMBED_SWIFT_STANDARD_LIBRARIES = YES;
				BUNDLE_LOADER = "$(TEST_HOST)";
				CODE_SIGN_STYLE = Automatic;
				CURRENT_PROJECT_VERSION = 1;
				GENERATE_INFOPLIST_FILE = YES;
				IPHONEOS_DEPLOYMENT_TARGET = 17.2;
				MARKETING_VERSION = 1.0;
				PRODUCT_BUNDLE_IDENTIFIER = "paymob.Paymob-TaskTests";
				PRODUCT_NAME = "$(TARGET_NAME)";
				SWIFT_EMIT_LOC_STRINGS = NO;
				SWIFT_VERSION = 5.0;
				TARGETED_DEVICE_FAMILY = "1,2";
				TEST_HOST = "$(BUILT_PRODUCTS_DIR)/Paymob-Task.app/$(BUNDLE_EXECUTABLE_FOLDER_PATH)/Paymob-Task";
			};
			name = Release;
		};
		C828CEE92C394641001075BB /* Debug */ = {
			isa = XCBuildConfiguration;
			buildSettings = {
				ALWAYS_EMBED_SWIFT_STANDARD_LIBRARIES = YES;
				CODE_SIGN_STYLE = Automatic;
				CURRENT_PROJECT_VERSION = 1;
				GENERATE_INFOPLIST_FILE = YES;
				MARKETING_VERSION = 1.0;
				PRODUCT_BUNDLE_IDENTIFIER = "paymob.Paymob-TaskUITests";
				PRODUCT_NAME = "$(TARGET_NAME)";
				SWIFT_EMIT_LOC_STRINGS = NO;
				SWIFT_VERSION = 5.0;
				TARGETED_DEVICE_FAMILY = "1,2";
				TEST_TARGET_NAME = "Paymob-Task";
			};
			name = Debug;
		};
		C828CEEA2C394641001075BB /* Release */ = {
			isa = XCBuildConfiguration;
			buildSettings = {
				ALWAYS_EMBED_SWIFT_STANDARD_LIBRARIES = YES;
				CODE_SIGN_STYLE = Automatic;
				CURRENT_PROJECT_VERSION = 1;
				GENERATE_INFOPLIST_FILE = YES;
				MARKETING_VERSION = 1.0;
				PRODUCT_BUNDLE_IDENTIFIER = "paymob.Paymob-TaskUITests";
				PRODUCT_NAME = "$(TARGET_NAME)";
				SWIFT_EMIT_LOC_STRINGS = NO;
				SWIFT_VERSION = 5.0;
				TARGETED_DEVICE_FAMILY = "1,2";
				TEST_TARGET_NAME = "Paymob-Task";
			};
			name = Release;
		};
/* End XCBuildConfiguration section */

/* Begin XCConfigurationList section */
		C828CEB02C39463F001075BB /* Build configuration list for PBXProject "Paymob-Task" */ = {
			isa = XCConfigurationList;
			buildConfigurations = (
				C828CEE02C394641001075BB /* Debug */,
				C828CEE12C394641001075BB /* Release */,
			);
			defaultConfigurationIsVisible = 0;
			defaultConfigurationName = Release;
		};
		C828CEE22C394641001075BB /* Build configuration list for PBXNativeTarget "Paymob-Task" */ = {
			isa = XCConfigurationList;
			buildConfigurations = (
				C828CEE32C394641001075BB /* Debug */,
				C828CEE42C394641001075BB /* Release */,
			);
			defaultConfigurationIsVisible = 0;
			defaultConfigurationName = Release;
		};
		C828CEE52C394641001075BB /* Build configuration list for PBXNativeTarget "Paymob-TaskTests" */ = {
			isa = XCConfigurationList;
			buildConfigurations = (
				C828CEE62C394641001075BB /* Debug */,
				C828CEE72C394641001075BB /* Release */,
			);
			defaultConfigurationIsVisible = 0;
			defaultConfigurationName = Release;
		};
		C828CEE82C394641001075BB /* Build configuration list for PBXNativeTarget "Paymob-TaskUITests" */ = {
			isa = XCConfigurationList;
			buildConfigurations = (
				C828CEE92C394641001075BB /* Debug */,
				C828CEEA2C394641001075BB /* Release */,
			);
			defaultConfigurationIsVisible = 0;
			defaultConfigurationName = Release;
		};
/* End XCConfigurationList section */

/* Begin XCRemoteSwiftPackageReference section */
		C828CF012C394D57001075BB /* XCRemoteSwiftPackageReference "RxSwift" */ = {
			isa = XCRemoteSwiftPackageReference;
			repositoryURL = "https://github.com/ReactiveX/RxSwift.git";
			requirement = {
				kind = upToNextMajorVersion;
				minimumVersion = 6.7.1;
			};
		};
/* End XCRemoteSwiftPackageReference section */

/* Begin XCVersionGroup section */
		C828CF3F2C39707A001075BB /* Paymob_Task.xcdatamodeld */ = {
			isa = XCVersionGroup;
			children = (
				C828CF402C39707A001075BB /* Movies.xcdatamodel */,
			);
			currentVersion = C828CF402C39707A001075BB /* Movies.xcdatamodel */;
			path = Paymob_Task.xcdatamodeld;
			sourceTree = "<group>";
			versionGroupType = wrapper.xcdatamodel;
		};
/* End XCVersionGroup section */
	};
	rootObject = C828CEAD2C39463F001075BB /* Project object */;
}
