// !$*UTF8*$!
{
	archiveVersion = 1;
	classes = {
	};
	objectVersion = 56;
	objects = {

/* Begin PBXBuildFile section */
		C828CEB92C39463F001075BB /* AppDelegate.swift in Sources */ = {isa = PBXBuildFile; fileRef = C828CEB82C39463F001075BB /* AppDelegate.swift */; };
		C828CEBB2C39463F001075BB /* SceneDelegate.swift in Sources */ = {isa = PBXBuildFile; fileRef = C828CEBA2C39463F001075BB /* SceneDelegate.swift */; };
		C828CEBD2C39463F001075BB /* ViewController.swift in Sources */ = {isa = PBXBuildFile; fileRef = C828CEBC2C39463F001075BB /* ViewController.swift */; };
		C828CEC02C39463F001075BB /* Main.storyboard in Resources */ = {isa = PBXBuildFile; fileRef = C828CEBE2C39463F001075BB /* Main.storyboard */; };
		C828CEC32C39463F001075BB /* Paymob_Task.xcdatamodeld in Sources */ = {isa = PBXBuildFile; fileRef = C828CEC12C39463F001075BB /* Paymob_Task.xcdatamodeld */; };
		C828CEC52C394641001075BB /* Assets.xcassets in Resources */ = {isa = PBXBuildFile; fileRef = C828CEC42C394641001075BB /* Assets.xcassets */; };
		C828CEC82C394641001075BB /* LaunchScreen.storyboard in Resources */ = {isa = PBXBuildFile; fileRef = C828CEC62C394641001075BB /* LaunchScreen.storyboard */; };
		C828CED32C394641001075BB /* Paymob_TaskTests.swift in Sources */ = {isa = PBXBuildFile; fileRef = C828CED22C394641001075BB /* Paymob_TaskTests.swift */; };
		C828CEDD2C394641001075BB /* Paymob_TaskUITests.swift in Sources */ = {isa = PBXBuildFile; fileRef = C828CEDC2C394641001075BB /* Paymob_TaskUITests.swift */; };
		C828CEDF2C394641001075BB /* Paymob_TaskUITestsLaunchTests.swift in Sources */ = {isa = PBXBuildFile; fileRef = C828CEDE2C394641001075BB /* Paymob_TaskUITestsLaunchTests.swift */; };
/* End PBXBuildFile section */

/* Begin PBXContainerItemProxy section */
		C828CECF2C394641001075BB /* PBXContainerItemProxy */ = {
			isa = PBXContainerItemProxy;
			containerPortal = C828CEAD2C39463F001075BB /* Project object */;
			proxyType = 1;
			remoteGlobalIDString = C828CEB42C39463F001075BB;
			remoteInfo = "Paymob-Task";
		};
		C828CED92C394641001075BB /* PBXContainerItemProxy */ = {
			isa = PBXContainerItemProxy;
			containerPortal = C828CEAD2C39463F001075BB /* Project object */;
			proxyType = 1;
			remoteGlobalIDString = C828CEB42C39463F001075BB;
			remoteInfo = "Paymob-Task";
		};
/* End PBXContainerItemProxy section */

/* Begin PBXFileReference section */
		C828CEB52C39463F001075BB /* Paymob-Task.app */ = {isa = PBXFileReference; explicitFileType = wrapper.application; includeInIndex = 0; path = "Paymob-Task.app"; sourceTree = BUILT_PRODUCTS_DIR; };
		C828CEB82C39463F001075BB /* AppDelegate.swift */ = {isa = PBXFileReference; lastKnownFileType = sourcecode.swift; path = AppDelegate.swift; sourceTree = "<group>"; };
		C828CEBA2C39463F001075BB /* SceneDelegate.swift */ = {isa = PBXFileReference; lastKnownFileType = sourcecode.swift; path = SceneDelegate.swift; sourceTree = "<group>"; };
		C828CEBC2C39463F001075BB /* ViewController.swift */ = {isa = PBXFileReference; lastKnownFileType = sourcecode.swift; path = ViewController.swift; sourceTree = "<group>"; };
		C828CEBF2C39463F001075BB /* Base */ = {isa = PBXFileReference; lastKnownFileType = file.storyboard; name = Base; path = Base.lproj/Main.storyboard; sourceTree = "<group>"; };
		C828CEC22C39463F001075BB /* Paymob_Task.xcdatamodel */ = {isa = PBXFileReference; lastKnownFileType = wrapper.xcdatamodel; path = Paymob_Task.xcdatamodel; sourceTree = "<group>"; };
		C828CEC42C394641001075BB /* Assets.xcassets */ = {isa = PBXFileReference; lastKnownFileType = folder.assetcatalog; path = Assets.xcassets; sourceTree = "<group>"; };
		C828CEC72C394641001075BB /* Base */ = {isa = PBXFileReference; lastKnownFileType = file.storyboard; name = Base; path = Base.lproj/LaunchScreen.storyboard; sourceTree = "<group>"; };
		C828CEC92C394641001075BB /* Info.plist */ = {isa = PBXFileReference; lastKnownFileType = text.plist.xml; path = Info.plist; sourceTree = "<group>"; };
		C828CECE2C394641001075BB /* Paymob-TaskTests.xctest */ = {isa = PBXFileReference; explicitFileType = wrapper.cfbundle; includeInIndex = 0; path = "Paymob-TaskTests.xctest"; sourceTree = BUILT_PRODUCTS_DIR; };
		C828CED22C394641001075BB /* Paymob_TaskTests.swift */ = {isa = PBXFileReference; lastKnownFileType = sourcecode.swift; path = Paymob_TaskTests.swift; sourceTree = "<group>"; };
		C828CED82C394641001075BB /* Paymob-TaskUITests.xctest */ = {isa = PBXFileReference; explicitFileType = wrapper.cfbundle; includeInIndex = 0; path = "Paymob-TaskUITests.xctest"; sourceTree = BUILT_PRODUCTS_DIR; };
		C828CEDC2C394641001075BB /* Paymob_TaskUITests.swift */ = {isa = PBXFileReference; lastKnownFileType = sourcecode.swift; path = Paymob_TaskUITests.swift; sourceTree = "<group>"; };
		C828CEDE2C394641001075BB /* Paymob_TaskUITestsLaunchTests.swift */ = {isa = PBXFileReference; lastKnownFileType = sourcecode.swift; path = Paymob_TaskUITestsLaunchTests.swift; sourceTree = "<group>"; };
/* End PBXFileReference section */

/* Begin PBXFrameworksBuildPhase section */
		C828CEB22C39463F001075BB /* Frameworks */ = {
			isa = PBXFrameworksBuildPhase;
			buildActionMask = 2147483647;
			files = (
			);
			runOnlyForDeploymentPostprocessing = 0;
		};
		C828CECB2C394641001075BB /* Frameworks */ = {
			isa = PBXFrameworksBuildPhase;
			buildActionMask = 2147483647;
			files = (
			);
			runOnlyForDeploymentPostprocessing = 0;
		};
		C828CED52C394641001075BB /* Frameworks */ = {
			isa = PBXFrameworksBuildPhase;
			buildActionMask = 2147483647;
			files = (
			);
			runOnlyForDeploymentPostprocessing = 0;
		};
/* End PBXFrameworksBuildPhase section */

/* Begin PBXGroup section */
		C828CEAC2C39463F001075BB = {
			isa = PBXGroup;
			children = (
				C828CEB72C39463F001075BB /* Paymob-Task */,
				C828CED12C394641001075BB /* Paymob-TaskTests */,
				C828CEDB2C394641001075BB /* Paymob-TaskUITests */,
				C828CEB62C39463F001075BB /* Products */,
			);
			sourceTree = "<group>";
		};
		C828CEB62C39463F001075BB /* Products */ = {
			isa = PBXGroup;
			children = (
				C828CEB52C39463F001075BB /* Paymob-Task.app */,
				C828CECE2C394641001075BB /* Paymob-TaskTests.xctest */,
				C828CED82C394641001075BB /* Paymob-TaskUITests.xctest */,
			);
			name = Products;
			sourceTree = "<group>";
		};
		C828CEB72C39463F001075BB /* Paymob-Task */ = {
			isa = PBXGroup;
			children = (
				C828CEB82C39463F001075BB /* AppDelegate.swift */,
				C828CEBA2C39463F001075BB /* SceneDelegate.swift */,
				C828CEBC2C39463F001075BB /* ViewController.swift */,
				C828CEBE2C39463F001075BB /* Main.storyboard */,
				C828CEC42C394641001075BB /* Assets.xcassets */,
				C828CEC62C394641001075BB /* LaunchScreen.storyboard */,
				C828CEC92C394641001075BB /* Info.plist */,
				C828CEC12C39463F001075BB /* Paymob_Task.xcdatamodeld */,
			);
			path = "Paymob-Task";
			sourceTree = "<group>";
		};
		C828CED12C394641001075BB /* Paymob-TaskTests */ = {
			isa = PBXGroup;
			children = (
				C828CED22C394641001075BB /* Paymob_TaskTests.swift */,
			);
			path = "Paymob-TaskTests";
			sourceTree = "<group>";
		};
		C828CEDB2C394641001075BB /* Paymob-TaskUITests */ = {
			isa = PBXGroup;
			children = (
				C828CEDC2C394641001075BB /* Paymob_TaskUITests.swift */,
				C828CEDE2C394641001075BB /* Paymob_TaskUITestsLaunchTests.swift */,
			);
			path = "Paymob-TaskUITests";
			sourceTree = "<group>";
		};
/* End PBXGroup section */

/* Begin PBXNativeTarget section */
		C828CEB42C39463F001075BB /* Paymob-Task */ = {
			isa = PBXNativeTarget;
			buildConfigurationList = C828CEE22C394641001075BB /* Build configuration list for PBXNativeTarget "Paymob-Task" */;
			buildPhases = (
				C828CEB12C39463F001075BB /* Sources */,
				C828CEB22C39463F001075BB /* Frameworks */,
				C828CEB32C39463F001075BB /* Resources */,
			);
			buildRules = (
			);
			dependencies = (
			);
			name = "Paymob-Task";
			productName = "Paymob-Task";
			productReference = C828CEB52C39463F001075BB /* Paymob-Task.app */;
			productType = "com.apple.product-type.application";
		};
		C828CECD2C394641001075BB /* Paymob-TaskTests */ = {
			isa = PBXNativeTarget;
			buildConfigurationList = C828CEE52C394641001075BB /* Build configuration list for PBXNativeTarget "Paymob-TaskTests" */;
			buildPhases = (
				C828CECA2C394641001075BB /* Sources */,
				C828CECB2C394641001075BB /* Frameworks */,
				C828CECC2C394641001075BB /* Resources */,
			);
			buildRules = (
			);
			dependencies = (
				C828CED02C394641001075BB /* PBXTargetDependency */,
			);
			name = "Paymob-TaskTests";
			productName = "Paymob-TaskTests";
			productReference = C828CECE2C394641001075BB /* Paymob-TaskTests.xctest */;
			productType = "com.apple.product-type.bundle.unit-test";
		};
		C828CED72C394641001075BB /* Paymob-TaskUITests */ = {
			isa = PBXNativeTarget;
			buildConfigurationList = C828CEE82C394641001075BB /* Build configuration list for PBXNativeTarget "Paymob-TaskUITests" */;
			buildPhases = (
				C828CED42C394641001075BB /* Sources */,
				C828CED52C394641001075BB /* Frameworks */,
				C828CED62C394641001075BB /* Resources */,
			);
			buildRules = (
			);
			dependencies = (
				C828CEDA2C394641001075BB /* PBXTargetDependency */,
			);
			name = "Paymob-TaskUITests";
			productName = "Paymob-TaskUITests";
			productReference = C828CED82C394641001075BB /* Paymob-TaskUITests.xctest */;
			productType = "com.apple.product-type.bundle.ui-testing";
		};
/* End PBXNativeTarget section */

/* Begin PBXProject section */
		C828CEAD2C39463F001075BB /* Project object */ = {
			isa = PBXProject;
			attributes = {
				BuildIndependentTargetsInParallel = 1;
				LastSwiftUpdateCheck = 1510;
				LastUpgradeCheck = 1510;
				TargetAttributes = {
					C828CEB42C39463F001075BB = {
						CreatedOnToolsVersion = 15.1;
					};
					C828CECD2C394641001075BB = {
						CreatedOnToolsVersion = 15.1;
						TestTargetID = C828CEB42C39463F001075BB;
					};
					C828CED72C394641001075BB = {
						CreatedOnToolsVersion = 15.1;
						TestTargetID = C828CEB42C39463F001075BB;
					};
				};
			};
			buildConfigurationList = C828CEB02C39463F001075BB /* Build configuration list for PBXProject "Paymob-Task" */;
			compatibilityVersion = "Xcode 14.0";
			developmentRegion = en;
			hasScannedForEncodings = 0;
			knownRegions = (
				en,
				Base,
			);
			mainGroup = C828CEAC2C39463F001075BB;
			productRefGroup = C828CEB62C39463F001075BB /* Products */;
			projectDirPath = "";
			projectRoot = "";
			targets = (
				C828CEB42C39463F001075BB /* Paymob-Task */,
				C828CECD2C394641001075BB /* Paymob-TaskTests */,
				C828CED72C394641001075BB /* Paymob-TaskUITests */,
			);
		};
/* End PBXProject section */

/* Begin PBXResourcesBuildPhase section */
		C828CEB32C39463F001075BB /* Resources */ = {
			isa = PBXResourcesBuildPhase;
			buildActionMask = 2147483647;
			files = (
				C828CEC82C394641001075BB /* LaunchScreen.storyboard in Resources */,
				C828CEC52C394641001075BB /* Assets.xcassets in Resources */,
				C828CEC02C39463F001075BB /* Main.storyboard in Resources */,
			);
			runOnlyForDeploymentPostprocessing = 0;
		};
		C828CECC2C394641001075BB /* Resources */ = {
			isa = PBXResourcesBuildPhase;
			buildActionMask = 2147483647;
			files = (
			);
			runOnlyForDeploymentPostprocessing = 0;
		};
		C828CED62C394641001075BB /* Resources */ = {
			isa = PBXResourcesBuildPhase;
			buildActionMask = 2147483647;
			files = (
			);
			runOnlyForDeploymentPostprocessing = 0;
		};
/* End PBXResourcesBuildPhase section */

/* Begin PBXSourcesBuildPhase section */
		C828CEB12C39463F001075BB /* Sources */ = {
			isa = PBXSourcesBuildPhase;
			buildActionMask = 2147483647;
			files = (
				C828CEBD2C39463F001075BB /* ViewController.swift in Sources */,
				C828CEB92C39463F001075BB /* AppDelegate.swift in Sources */,
				C828CEC32C39463F001075BB /* Paymob_Task.xcdatamodeld in Sources */,
				C828CEBB2C39463F001075BB /* SceneDelegate.swift in Sources */,
			);
			runOnlyForDeploymentPostprocessing = 0;
		};
		C828CECA2C394641001075BB /* Sources */ = {
			isa = PBXSourcesBuildPhase;
			buildActionMask = 2147483647;
			files = (
				C828CED32C394641001075BB /* Paymob_TaskTests.swift in Sources */,
			);
			runOnlyForDeploymentPostprocessing = 0;
		};
		C828CED42C394641001075BB /* Sources */ = {
			isa = PBXSourcesBuildPhase;
			buildActionMask = 2147483647;
			files = (
				C828CEDD2C394641001075BB /* Paymob_TaskUITests.swift in Sources */,
				C828CEDF2C394641001075BB /* Paymob_TaskUITestsLaunchTests.swift in Sources */,
			);
			runOnlyForDeploymentPostprocessing = 0;
		};
/* End PBXSourcesBuildPhase section */

/* Begin PBXTargetDependency section */
		C828CED02C394641001075BB /* PBXTargetDependency */ = {
			isa = PBXTargetDependency;
			target = C828CEB42C39463F001075BB /* Paymob-Task */;
			targetProxy = C828CECF2C394641001075BB /* PBXContainerItemProxy */;
		};
		C828CEDA2C394641001075BB /* PBXTargetDependency */ = {
			isa = PBXTargetDependency;
			target = C828CEB42C39463F001075BB /* Paymob-Task */;
			targetProxy = C828CED92C394641001075BB /* PBXContainerItemProxy */;
		};
/* End PBXTargetDependency section */

/* Begin PBXVariantGroup section */
		C828CEBE2C39463F001075BB /* Main.storyboard */ = {
			isa = PBXVariantGroup;
			children = (
				C828CEBF2C39463F001075BB /* Base */,
			);
			name = Main.storyboard;
			sourceTree = "<group>";
		};
		C828CEC62C394641001075BB /* LaunchScreen.storyboard */ = {
			isa = PBXVariantGroup;
			children = (
				C828CEC72C394641001075BB /* Base */,
			);
			name = LaunchScreen.storyboard;
			sourceTree = "<group>";
		};
/* End PBXVariantGroup section */

/* Begin XCBuildConfiguration section */
		C828CEE02C394641001075BB /* Debug */ = {
			isa = XCBuildConfiguration;
			buildSettings = {
				ALWAYS_SEARCH_USER_PATHS = NO;
				ASSETCATALOG_COMPILER_GENERATE_SWIFT_ASSET_SYMBOL_EXTENSIONS = YES;
				CLANG_ANALYZER_NONNULL = YES;
				CLANG_ANALYZER_NUMBER_OBJECT_CONVERSION = YES_AGGRESSIVE;
				CLANG_CXX_LANGUAGE_STANDARD = "gnu++20";
				CLANG_ENABLE_MODULES = YES;
				CLANG_ENABLE_OBJC_ARC = YES;
				CLANG_ENABLE_OBJC_WEAK = YES;
				CLANG_WARN_BLOCK_CAPTURE_AUTORELEASING = YES;
				CLANG_WARN_BOOL_CONVERSION = YES;
				CLANG_WARN_COMMA = YES;
				CLANG_WARN_CONSTANT_CONVERSION = YES;
				CLANG_WARN_DEPRECATED_OBJC_IMPLEMENTATIONS = YES;
				CLANG_WARN_DIRECT_OBJC_ISA_USAGE = YES_ERROR;
				CLANG_WARN_DOCUMENTATION_COMMENTS = YES;
				CLANG_WARN_EMPTY_BODY = YES;
				CLANG_WARN_ENUM_CONVERSION = YES;
				CLANG_WARN_INFINITE_RECURSION = YES;
				CLANG_WARN_INT_CONVERSION = YES;
				CLANG_WARN_NON_LITERAL_NULL_CONVERSION = YES;
				CLANG_WARN_OBJC_IMPLICIT_RETAIN_SELF = YES;
				CLANG_WARN_OBJC_LITERAL_CONVERSION = YES;
				CLANG_WARN_OBJC_ROOT_CLASS = YES_ERROR;
				CLANG_WARN_QUOTED_INCLUDE_IN_FRAMEWORK_HEADER = YES;
				CLANG_WARN_RANGE_LOOP_ANALYSIS = YES;
				CLANG_WARN_STRICT_PROTOTYPES = YES;
				CLANG_WARN_SUSPICIOUS_MOVE = YES;
				CLANG_WARN_UNGUARDED_AVAILABILITY = YES_AGGRESSIVE;
				CLANG_WARN_UNREACHABLE_CODE = YES;
				CLANG_WARN__DUPLICATE_METHOD_MATCH = YES;
				COPY_PHASE_STRIP = NO;
				DEBUG_INFORMATION_FORMAT = dwarf;
				ENABLE_STRICT_OBJC_MSGSEND = YES;
				ENABLE_TESTABILITY = YES;
				ENABLE_USER_SCRIPT_SANDBOXING = YES;
				GCC_C_LANGUAGE_STANDARD = gnu17;
				GCC_DYNAMIC_NO_PIC = NO;
				GCC_NO_COMMON_BLOCKS = YES;
				GCC_OPTIMIZATION_LEVEL = 0;
				GCC_PREPROCESSOR_DEFINITIONS = (
					"DEBUG=1",
					"$(inherited)",
				);
				GCC_WARN_64_TO_32_BIT_CONVERSION = YES;
				GCC_WARN_ABOUT_RETURN_TYPE = YES_ERROR;
				GCC_WARN_UNDECLARED_SELECTOR = YES;
				GCC_WARN_UNINITIALIZED_AUTOS = YES_AGGRESSIVE;
				GCC_WARN_UNUSED_FUNCTION = YES;
				GCC_WARN_UNUSED_VARIABLE = YES;
				IPHONEOS_DEPLOYMENT_TARGET = 17.2;
				LOCALIZATION_PREFERS_STRING_CATALOGS = YES;
				MTL_ENABLE_DEBUG_INFO = INCLUDE_SOURCE;
				MTL_FAST_MATH = YES;
				ONLY_ACTIVE_ARCH = YES;
				SDKROOT = iphoneos;
				SWIFT_ACTIVE_COMPILATION_CONDITIONS = "DEBUG $(inherited)";
				SWIFT_OPTIMIZATION_LEVEL = "-Onone";
			};
			name = Debug;
		};
		C828CEE12C394641001075BB /* Release */ = {
			isa = XCBuildConfiguration;
			buildSettings = {
				ALWAYS_SEARCH_USER_PATHS = NO;
				ASSETCATALOG_COMPILER_GENERATE_SWIFT_ASSET_SYMBOL_EXTENSIONS = YES;
				CLANG_ANALYZER_NONNULL = YES;
				CLANG_ANALYZER_NUMBER_OBJECT_CONVERSION = YES_AGGRESSIVE;
				CLANG_CXX_LANGUAGE_STANDARD = "gnu++20";
				CLANG_ENABLE_MODULES = YES;
				CLANG_ENABLE_OBJC_ARC = YES;
				CLANG_ENABLE_OBJC_WEAK = YES;
				CLANG_WARN_BLOCK_CAPTURE_AUTORELEASING = YES;
				CLANG_WARN_BOOL_CONVERSION = YES;
				CLANG_WARN_COMMA = YES;
				CLANG_WARN_CONSTANT_CONVERSION = YES;
				CLANG_WARN_DEPRECATED_OBJC_IMPLEMENTATIONS = YES;
				CLANG_WARN_DIRECT_OBJC_ISA_USAGE = YES_ERROR;
				CLANG_WARN_DOCUMENTATION_COMMENTS = YES;
				CLANG_WARN_EMPTY_BODY = YES;
				CLANG_WARN_ENUM_CONVERSION = YES;
				CLANG_WARN_INFINITE_RECURSION = YES;
				CLANG_WARN_INT_CONVERSION = YES;
				CLANG_WARN_NON_LITERAL_NULL_CONVERSION = YES;
				CLANG_WARN_OBJC_IMPLICIT_RETAIN_SELF = YES;
				CLANG_WARN_OBJC_LITERAL_CONVERSION = YES;
				CLANG_WARN_OBJC_ROOT_CLASS = YES_ERROR;
				CLANG_WARN_QUOTED_INCLUDE_IN_FRAMEWORK_HEADER = YES;
				CLANG_WARN_RANGE_LOOP_ANALYSIS = YES;
				CLANG_WARN_STRICT_PROTOTYPES = YES;
				CLANG_WARN_SUSPICIOUS_MOVE = YES;
				CLANG_WARN_UNGUARDED_AVAILABILITY = YES_AGGRESSIVE;
				CLANG_WARN_UNREACHABLE_CODE = YES;
				CLANG_WARN__DUPLICATE_METHOD_MATCH = YES;
				COPY_PHASE_STRIP = NO;
				DEBUG_INFORMATION_FORMAT = "dwarf-with-dsym";
				ENABLE_NS_ASSERTIONS = NO;
				ENABLE_STRICT_OBJC_MSGSEND = YES;
				ENABLE_USER_SCRIPT_SANDBOXING = YES;
				GCC_C_LANGUAGE_STANDARD = gnu17;
				GCC_NO_COMMON_BLOCKS = YES;
				GCC_WARN_64_TO_32_BIT_CONVERSION = YES;
				GCC_WARN_ABOUT_RETURN_TYPE = YES_ERROR;
				GCC_WARN_UNDECLARED_SELECTOR = YES;
				GCC_WARN_UNINITIALIZED_AUTOS = YES_AGGRESSIVE;
				GCC_WARN_UNUSED_FUNCTION = YES;
				GCC_WARN_UNUSED_VARIABLE = YES;
				IPHONEOS_DEPLOYMENT_TARGET = 17.2;
				LOCALIZATION_PREFERS_STRING_CATALOGS = YES;
				MTL_ENABLE_DEBUG_INFO = NO;
				MTL_FAST_MATH = YES;
				SDKROOT = iphoneos;
				SWIFT_COMPILATION_MODE = wholemodule;
				VALIDATE_PRODUCT = YES;
			};
			name = Release;
		};
		C828CEE32C394641001075BB /* Debug */ = {
			isa = XCBuildConfiguration;
			buildSettings = {
				ASSETCATALOG_COMPILER_APPICON_NAME = AppIcon;
				ASSETCATALOG_COMPILER_GLOBAL_ACCENT_COLOR_NAME = AccentColor;
				CODE_SIGN_STYLE = Automatic;
				CURRENT_PROJECT_VERSION = 1;
				GENERATE_INFOPLIST_FILE = YES;
				INFOPLIST_FILE = "Paymob-Task/Info.plist";
				INFOPLIST_KEY_CFBundleDisplayName = "Paymob-Task";
				INFOPLIST_KEY_LSApplicationCategoryType = "public.app-category.entertainment";
				INFOPLIST_KEY_UIApplicationSupportsIndirectInputEvents = YES;
				INFOPLIST_KEY_UILaunchStoryboardName = LaunchScreen;
				INFOPLIST_KEY_UIMainStoryboardFile = Main;
				INFOPLIST_KEY_UISupportedInterfaceOrientations_iPad = "UIInterfaceOrientationPortrait UIInterfaceOrientationPortraitUpsideDown UIInterfaceOrientationLandscapeLeft UIInterfaceOrientationLandscapeRight";
				INFOPLIST_KEY_UISupportedInterfaceOrientations_iPhone = "UIInterfaceOrientationPortrait UIInterfaceOrientationLandscapeLeft UIInterfaceOrientationLandscapeRight";
				LD_RUNPATH_SEARCH_PATHS = (
					"$(inherited)",
					"@executable_path/Frameworks",
				);
				MARKETING_VERSION = 1.0;
				PRODUCT_BUNDLE_IDENTIFIER = "paymob.Paymob-Task";
				PRODUCT_NAME = "$(TARGET_NAME)";
				SWIFT_EMIT_LOC_STRINGS = YES;
				SWIFT_VERSION = 5.0;
				TARGETED_DEVICE_FAMILY = "1,2";
			};
			name = Debug;
		};
		C828CEE42C394641001075BB /* Release */ = {
			isa = XCBuildConfiguration;
			buildSettings = {
				ASSETCATALOG_COMPILER_APPICON_NAME = AppIcon;
				ASSETCATALOG_COMPILER_GLOBAL_ACCENT_COLOR_NAME = AccentColor;
				CODE_SIGN_STYLE = Automatic;
				CURRENT_PROJECT_VERSION = 1;
				GENERATE_INFOPLIST_FILE = YES;
				INFOPLIST_FILE = "Paymob-Task/Info.plist";
				INFOPLIST_KEY_CFBundleDisplayName = "Paymob-Task";
				INFOPLIST_KEY_LSApplicationCategoryType = "public.app-category.entertainment";
				INFOPLIST_KEY_UIApplicationSupportsIndirectInputEvents = YES;
				INFOPLIST_KEY_UILaunchStoryboardName = LaunchScreen;
				INFOPLIST_KEY_UIMainStoryboardFile = Main;
				INFOPLIST_KEY_UISupportedInterfaceOrientations_iPad = "UIInterfaceOrientationPortrait UIInterfaceOrientationPortraitUpsideDown UIInterfaceOrientationLandscapeLeft UIInterfaceOrientationLandscapeRight";
				INFOPLIST_KEY_UISupportedInterfaceOrientations_iPhone = "UIInterfaceOrientationPortrait UIInterfaceOrientationLandscapeLeft UIInterfaceOrientationLandscapeRight";
				LD_RUNPATH_SEARCH_PATHS = (
					"$(inherited)",
					"@executable_path/Frameworks",
				);
				MARKETING_VERSION = 1.0;
				PRODUCT_BUNDLE_IDENTIFIER = "paymob.Paymob-Task";
				PRODUCT_NAME = "$(TARGET_NAME)";
				SWIFT_EMIT_LOC_STRINGS = YES;
				SWIFT_VERSION = 5.0;
				TARGETED_DEVICE_FAMILY = "1,2";
			};
			name = Release;
		};
		C828CEE62C394641001075BB /* Debug */ = {
			isa = XCBuildConfiguration;
			buildSettings = {
				ALWAYS_EMBED_SWIFT_STANDARD_LIBRARIES = YES;
				BUNDLE_LOADER = "$(TEST_HOST)";
				CODE_SIGN_STYLE = Automatic;
				CURRENT_PROJECT_VERSION = 1;
				GENERATE_INFOPLIST_FILE = YES;
				IPHONEOS_DEPLOYMENT_TARGET = 17.2;
				MARKETING_VERSION = 1.0;
				PRODUCT_BUNDLE_IDENTIFIER = "paymob.Paymob-TaskTests";
				PRODUCT_NAME = "$(TARGET_NAME)";
				SWIFT_EMIT_LOC_STRINGS = NO;
				SWIFT_VERSION = 5.0;
				TARGETED_DEVICE_FAMILY = "1,2";
				TEST_HOST = "$(BUILT_PRODUCTS_DIR)/Paymob-Task.app/$(BUNDLE_EXECUTABLE_FOLDER_PATH)/Paymob-Task";
			};
			name = Debug;
		};
		C828CEE72C394641001075BB /* Release */ = {
			isa = XCBuildConfiguration;
			buildSettings = {
				ALWAYS_EMBED_SWIFT_STANDARD_LIBRARIES = YES;
				BUNDLE_LOADER = "$(TEST_HOST)";
				CODE_SIGN_STYLE = Automatic;
				CURRENT_PROJECT_VERSION = 1;
				GENERATE_INFOPLIST_FILE = YES;
				IPHONEOS_DEPLOYMENT_TARGET = 17.2;
				MARKETING_VERSION = 1.0;
				PRODUCT_BUNDLE_IDENTIFIER = "paymob.Paymob-TaskTests";
				PRODUCT_NAME = "$(TARGET_NAME)";
				SWIFT_EMIT_LOC_STRINGS = NO;
				SWIFT_VERSION = 5.0;
				TARGETED_DEVICE_FAMILY = "1,2";
				TEST_HOST = "$(BUILT_PRODUCTS_DIR)/Paymob-Task.app/$(BUNDLE_EXECUTABLE_FOLDER_PATH)/Paymob-Task";
			};
			name = Release;
		};
		C828CEE92C394641001075BB /* Debug */ = {
			isa = XCBuildConfiguration;
			buildSettings = {
				ALWAYS_EMBED_SWIFT_STANDARD_LIBRARIES = YES;
				CODE_SIGN_STYLE = Automatic;
				CURRENT_PROJECT_VERSION = 1;
				GENERATE_INFOPLIST_FILE = YES;
				MARKETING_VERSION = 1.0;
				PRODUCT_BUNDLE_IDENTIFIER = "paymob.Paymob-TaskUITests";
				PRODUCT_NAME = "$(TARGET_NAME)";
				SWIFT_EMIT_LOC_STRINGS = NO;
				SWIFT_VERSION = 5.0;
				TARGETED_DEVICE_FAMILY = "1,2";
				TEST_TARGET_NAME = "Paymob-Task";
			};
			name = Debug;
		};
		C828CEEA2C394641001075BB /* Release */ = {
			isa = XCBuildConfiguration;
			buildSettings = {
				ALWAYS_EMBED_SWIFT_STANDARD_LIBRARIES = YES;
				CODE_SIGN_STYLE = Automatic;
				CURRENT_PROJECT_VERSION = 1;
				GENERATE_INFOPLIST_FILE = YES;
				MARKETING_VERSION = 1.0;
				PRODUCT_BUNDLE_IDENTIFIER = "paymob.Paymob-TaskUITests";
				PRODUCT_NAME = "$(TARGET_NAME)";
				SWIFT_EMIT_LOC_STRINGS = NO;
				SWIFT_VERSION = 5.0;
				TARGETED_DEVICE_FAMILY = "1,2";
				TEST_TARGET_NAME = "Paymob-Task";
			};
			name = Release;
		};
/* End XCBuildConfiguration section */

/* Begin XCConfigurationList section */
		C828CEB02C39463F001075BB /* Build configuration list for PBXProject "Paymob-Task" */ = {
			isa = XCConfigurationList;
			buildConfigurations = (
				C828CEE02C394641001075BB /* Debug */,
				C828CEE12C394641001075BB /* Release */,
			);
			defaultConfigurationIsVisible = 0;
			defaultConfigurationName = Release;
		};
		C828CEE22C394641001075BB /* Build configuration list for PBXNativeTarget "Paymob-Task" */ = {
			isa = XCConfigurationList;
			buildConfigurations = (
				C828CEE32C394641001075BB /* Debug */,
				C828CEE42C394641001075BB /* Release */,
			);
			defaultConfigurationIsVisible = 0;
			defaultConfigurationName = Release;
		};
		C828CEE52C394641001075BB /* Build configuration list for PBXNativeTarget "Paymob-TaskTests" */ = {
			isa = XCConfigurationList;
			buildConfigurations = (
				C828CEE62C394641001075BB /* Debug */,
				C828CEE72C394641001075BB /* Release */,
			);
			defaultConfigurationIsVisible = 0;
			defaultConfigurationName = Release;
		};
		C828CEE82C394641001075BB /* Build configuration list for PBXNativeTarget "Paymob-TaskUITests" */ = {
			isa = XCConfigurationList;
			buildConfigurations = (
				C828CEE92C394641001075BB /* Debug */,
				C828CEEA2C394641001075BB /* Release */,
			);
			defaultConfigurationIsVisible = 0;
			defaultConfigurationName = Release;
		};
/* End XCConfigurationList section */

/* Begin XCVersionGroup section */
		C828CEC12C39463F001075BB /* Paymob_Task.xcdatamodeld */ = {
			isa = XCVersionGroup;
			children = (
				C828CEC22C39463F001075BB /* Paymob_Task.xcdatamodel */,
			);
			currentVersion = C828CEC22C39463F001075BB /* Paymob_Task.xcdatamodel */;
			path = Paymob_Task.xcdatamodeld;
			sourceTree = "<group>";
			versionGroupType = wrapper.xcdatamodel;
		};
/* End XCVersionGroup section */
	};
	rootObject = C828CEAD2C39463F001075BB /* Project object */;
}
